
Microsoft Visual Studio Solution File, Format Version 12.00
# Visual Studio Version 16
VisualStudioVersion = 16.0.31424.327
MinimumVisualStudioVersion = 10.0.40219.1
Project("{D954291E-2A0B-460D-934E-DC6B0785DB48}") = "UnoWorkList.Shared", "UnoWorkList\UnoWorkList.Shared\UnoWorkList.Shared.shproj", "{6279C845-92F8-4333-AB99-3D213163593C}"
EndProject
Project("{2150E333-8FDC-42A3-9474-1A3956D46DE8}") = "Platforms", "Platforms", "{00F9E945-A45F-43CF-ADAF-B6F1284702A3}"
EndProject
Project("{FAE04EC0-301F-11D3-BF4B-00C04F79EFBC}") = "UnoWorkList.Droid", "UnoWorkList\UnoWorkList.Droid\UnoWorkList.Droid.csproj", "{EBE877C4-2FE6-44E0-95F4-982DE99D45F5}"
EndProject
Project("{FAE04EC0-301F-11D3-BF4B-00C04F79EFBC}") = "UnoWorkList.iOS", "UnoWorkList\UnoWorkList.iOS\UnoWorkList.iOS.csproj", "{D7C6D6E1-51ED-42F4-BF4E-6D52622FEFB0}"
EndProject
Project("{FAE04EC0-301F-11D3-BF4B-00C04F79EFBC}") = "UnoWorkList.UWP", "UnoWorkList\UnoWorkList.UWP\UnoWorkList.UWP.csproj", "{77AD04DC-E938-4BA3-95ED-6091C93E9ABB}"
EndProject
Project("{FAE04EC0-301F-11D3-BF4B-00C04F79EFBC}") = "UnoWorkList.Wasm", "UnoWorkList\UnoWorkList.Wasm\UnoWorkList.Wasm.csproj", "{1BE4518A-B8D2-49E5-B32E-9C060C33CD0C}"
EndProject
Project("{FAE04EC0-301F-11D3-BF4B-00C04F79EFBC}") = "UnoWorkList.macOS", "UnoWorkList\UnoWorkList.macOS\UnoWorkList.macOS.csproj", "{C7A4BFD0-8406-4295-8C5B-776AD23629D2}"
EndProject
Project("{FAE04EC0-301F-11D3-BF4B-00C04F79EFBC}") = "UnoWorkList.Skia.Wpf.Host", "UnoWorkList\UnoWorkList.Skia.Wpf.Host\UnoWorkList.Skia.Wpf.Host.csproj", "{93D30D6D-9832-4E9D-8383-56FB7663E1F0}"
EndProject
Project("{FAE04EC0-301F-11D3-BF4B-00C04F79EFBC}") = "UnoWorkList.Skia.Wpf", "UnoWorkList\UnoWorkList.Skia.Wpf\UnoWorkList.Skia.Wpf.csproj", "{7C2F4C88-B96C-4D1D-98CB-41C00CED2AD6}"
EndProject
Project("{FAE04EC0-301F-11D3-BF4B-00C04F79EFBC}") = "UnoWorkList.Skia.Gtk", "UnoWorkList\UnoWorkList.Skia.Gtk\UnoWorkList.Skia.Gtk.csproj", "{518E4146-4A20-4945-866E-0FFF88CD58F9}"
EndProject
Project("{FAE04EC0-301F-11D3-BF4B-00C04F79EFBC}") = "UnoWorkList.Skia.Tizen", "UnoWorkList\UnoWorkList.Skia.Tizen\UnoWorkList.Skia.Tizen.csproj", "{229CC0A3-8BEC-4067-A286-88FED81D5508}"
EndProject
Global
	GlobalSection(SharedMSBuildProjectFiles) = preSolution
		UnoWorkList\UnoWorkList.Shared\UnoWorkList.Shared.projitems*{1be4518a-b8d2-49e5-b32e-9c060c33cd0c}*SharedItemsImports = 5
		UnoWorkList\UnoWorkList.Shared\UnoWorkList.Shared.projitems*{229cc0a3-8bec-4067-a286-88fed81d5508}*SharedItemsImports = 5
		UnoWorkList\UnoWorkList.Shared\UnoWorkList.Shared.projitems*{518e4146-4a20-4945-866e-0fff88cd58f9}*SharedItemsImports = 5
		UnoWorkList\UnoWorkList.Shared\UnoWorkList.Shared.projitems*{6279c845-92f8-4333-ab99-3d213163593c}*SharedItemsImports = 13
		UnoWorkList\UnoWorkList.Shared\UnoWorkList.Shared.projitems*{77ad04dc-e938-4ba3-95ed-6091c93e9abb}*SharedItemsImports = 4
		UnoWorkList\UnoWorkList.Shared\UnoWorkList.Shared.projitems*{7c2f4c88-b96c-4d1d-98cb-41c00ced2ad6}*SharedItemsImports = 5
		UnoWorkList\UnoWorkList.Shared\UnoWorkList.Shared.projitems*{c7a4bfd0-8406-4295-8c5b-776ad23629d2}*SharedItemsImports = 4
		UnoWorkList\UnoWorkList.Shared\UnoWorkList.Shared.projitems*{d7c6d6e1-51ed-42f4-bf4e-6d52622fefb0}*SharedItemsImports = 4
		UnoWorkList\UnoWorkList.Shared\UnoWorkList.Shared.projitems*{ebe877c4-2fe6-44e0-95f4-982de99d45f5}*SharedItemsImports = 4
	EndGlobalSection
	GlobalSection(SolutionConfigurationPlatforms) = preSolution
		Ad-Hoc|Any CPU = Ad-Hoc|Any CPU
		Ad-Hoc|ARM = Ad-Hoc|ARM
		Ad-Hoc|ARM64 = Ad-Hoc|ARM64
		Ad-Hoc|iPhone = Ad-Hoc|iPhone
		Ad-Hoc|iPhoneSimulator = Ad-Hoc|iPhoneSimulator
		Ad-Hoc|x64 = Ad-Hoc|x64
		Ad-Hoc|x86 = Ad-Hoc|x86
		AppStore|Any CPU = AppStore|Any CPU
		AppStore|ARM = AppStore|ARM
		AppStore|ARM64 = AppStore|ARM64
		AppStore|iPhone = AppStore|iPhone
		AppStore|iPhoneSimulator = AppStore|iPhoneSimulator
		AppStore|x64 = AppStore|x64
		AppStore|x86 = AppStore|x86
		Debug|Any CPU = Debug|Any CPU
		Debug|ARM = Debug|ARM
		Debug|ARM64 = Debug|ARM64
		Debug|iPhone = Debug|iPhone
		Debug|iPhoneSimulator = Debug|iPhoneSimulator
		Debug|x64 = Debug|x64
		Debug|x86 = Debug|x86
		Release|Any CPU = Release|Any CPU
		Release|ARM = Release|ARM
		Release|ARM64 = Release|ARM64
		Release|iPhone = Release|iPhone
		Release|iPhoneSimulator = Release|iPhoneSimulator
		Release|x64 = Release|x64
		Release|x86 = Release|x86
	EndGlobalSection
	GlobalSection(ProjectConfigurationPlatforms) = postSolution
		{EBE877C4-2FE6-44E0-95F4-982DE99D45F5}.Ad-Hoc|Any CPU.ActiveCfg = Debug|Any CPU
		{EBE877C4-2FE6-44E0-95F4-982DE99D45F5}.Ad-Hoc|Any CPU.Build.0 = Debug|Any CPU
		{EBE877C4-2FE6-44E0-95F4-982DE99D45F5}.Ad-Hoc|Any CPU.Deploy.0 = Debug|Any CPU
		{EBE877C4-2FE6-44E0-95F4-982DE99D45F5}.Ad-Hoc|ARM.ActiveCfg = Debug|Any CPU
		{EBE877C4-2FE6-44E0-95F4-982DE99D45F5}.Ad-Hoc|ARM.Build.0 = Debug|Any CPU
		{EBE877C4-2FE6-44E0-95F4-982DE99D45F5}.Ad-Hoc|ARM.Deploy.0 = Debug|Any CPU
		{EBE877C4-2FE6-44E0-95F4-982DE99D45F5}.Ad-Hoc|ARM64.ActiveCfg = Debug|Any CPU
		{EBE877C4-2FE6-44E0-95F4-982DE99D45F5}.Ad-Hoc|ARM64.Build.0 = Debug|Any CPU
		{EBE877C4-2FE6-44E0-95F4-982DE99D45F5}.Ad-Hoc|ARM64.Deploy.0 = Debug|Any CPU
		{EBE877C4-2FE6-44E0-95F4-982DE99D45F5}.Ad-Hoc|iPhone.ActiveCfg = Debug|Any CPU
		{EBE877C4-2FE6-44E0-95F4-982DE99D45F5}.Ad-Hoc|iPhone.Build.0 = Debug|Any CPU
		{EBE877C4-2FE6-44E0-95F4-982DE99D45F5}.Ad-Hoc|iPhone.Deploy.0 = Debug|Any CPU
		{EBE877C4-2FE6-44E0-95F4-982DE99D45F5}.Ad-Hoc|iPhoneSimulator.ActiveCfg = Debug|Any CPU
		{EBE877C4-2FE6-44E0-95F4-982DE99D45F5}.Ad-Hoc|iPhoneSimulator.Build.0 = Debug|Any CPU
		{EBE877C4-2FE6-44E0-95F4-982DE99D45F5}.Ad-Hoc|iPhoneSimulator.Deploy.0 = Debug|Any CPU
		{EBE877C4-2FE6-44E0-95F4-982DE99D45F5}.Ad-Hoc|x64.ActiveCfg = Debug|Any CPU
		{EBE877C4-2FE6-44E0-95F4-982DE99D45F5}.Ad-Hoc|x64.Build.0 = Debug|Any CPU
		{EBE877C4-2FE6-44E0-95F4-982DE99D45F5}.Ad-Hoc|x64.Deploy.0 = Debug|Any CPU
		{EBE877C4-2FE6-44E0-95F4-982DE99D45F5}.Ad-Hoc|x86.ActiveCfg = Debug|Any CPU
		{EBE877C4-2FE6-44E0-95F4-982DE99D45F5}.Ad-Hoc|x86.Build.0 = Debug|Any CPU
		{EBE877C4-2FE6-44E0-95F4-982DE99D45F5}.Ad-Hoc|x86.Deploy.0 = Debug|Any CPU
		{EBE877C4-2FE6-44E0-95F4-982DE99D45F5}.AppStore|Any CPU.ActiveCfg = Debug|Any CPU
		{EBE877C4-2FE6-44E0-95F4-982DE99D45F5}.AppStore|Any CPU.Build.0 = Debug|Any CPU
		{EBE877C4-2FE6-44E0-95F4-982DE99D45F5}.AppStore|Any CPU.Deploy.0 = Debug|Any CPU
		{EBE877C4-2FE6-44E0-95F4-982DE99D45F5}.AppStore|ARM.ActiveCfg = Debug|Any CPU
		{EBE877C4-2FE6-44E0-95F4-982DE99D45F5}.AppStore|ARM.Build.0 = Debug|Any CPU
		{EBE877C4-2FE6-44E0-95F4-982DE99D45F5}.AppStore|ARM.Deploy.0 = Debug|Any CPU
		{EBE877C4-2FE6-44E0-95F4-982DE99D45F5}.AppStore|ARM64.ActiveCfg = Debug|Any CPU
		{EBE877C4-2FE6-44E0-95F4-982DE99D45F5}.AppStore|ARM64.Build.0 = Debug|Any CPU
		{EBE877C4-2FE6-44E0-95F4-982DE99D45F5}.AppStore|ARM64.Deploy.0 = Debug|Any CPU
		{EBE877C4-2FE6-44E0-95F4-982DE99D45F5}.AppStore|iPhone.ActiveCfg = Debug|Any CPU
		{EBE877C4-2FE6-44E0-95F4-982DE99D45F5}.AppStore|iPhone.Build.0 = Debug|Any CPU
		{EBE877C4-2FE6-44E0-95F4-982DE99D45F5}.AppStore|iPhone.Deploy.0 = Debug|Any CPU
		{EBE877C4-2FE6-44E0-95F4-982DE99D45F5}.AppStore|iPhoneSimulator.ActiveCfg = Debug|Any CPU
		{EBE877C4-2FE6-44E0-95F4-982DE99D45F5}.AppStore|iPhoneSimulator.Build.0 = Debug|Any CPU
		{EBE877C4-2FE6-44E0-95F4-982DE99D45F5}.AppStore|iPhoneSimulator.Deploy.0 = Debug|Any CPU
		{EBE877C4-2FE6-44E0-95F4-982DE99D45F5}.AppStore|x64.ActiveCfg = Debug|Any CPU
		{EBE877C4-2FE6-44E0-95F4-982DE99D45F5}.AppStore|x64.Build.0 = Debug|Any CPU
		{EBE877C4-2FE6-44E0-95F4-982DE99D45F5}.AppStore|x64.Deploy.0 = Debug|Any CPU
		{EBE877C4-2FE6-44E0-95F4-982DE99D45F5}.AppStore|x86.ActiveCfg = Debug|Any CPU
		{EBE877C4-2FE6-44E0-95F4-982DE99D45F5}.AppStore|x86.Build.0 = Debug|Any CPU
		{EBE877C4-2FE6-44E0-95F4-982DE99D45F5}.AppStore|x86.Deploy.0 = Debug|Any CPU
		{EBE877C4-2FE6-44E0-95F4-982DE99D45F5}.Debug|Any CPU.ActiveCfg = Debug|Any CPU
		{EBE877C4-2FE6-44E0-95F4-982DE99D45F5}.Debug|Any CPU.Build.0 = Debug|Any CPU
		{EBE877C4-2FE6-44E0-95F4-982DE99D45F5}.Debug|Any CPU.Deploy.0 = Debug|Any CPU
		{EBE877C4-2FE6-44E0-95F4-982DE99D45F5}.Debug|ARM.ActiveCfg = Debug|Any CPU
		{EBE877C4-2FE6-44E0-95F4-982DE99D45F5}.Debug|ARM.Build.0 = Debug|Any CPU
		{EBE877C4-2FE6-44E0-95F4-982DE99D45F5}.Debug|ARM.Deploy.0 = Debug|Any CPU
		{EBE877C4-2FE6-44E0-95F4-982DE99D45F5}.Debug|ARM64.ActiveCfg = Debug|Any CPU
		{EBE877C4-2FE6-44E0-95F4-982DE99D45F5}.Debug|ARM64.Build.0 = Debug|Any CPU
		{EBE877C4-2FE6-44E0-95F4-982DE99D45F5}.Debug|ARM64.Deploy.0 = Debug|Any CPU
		{EBE877C4-2FE6-44E0-95F4-982DE99D45F5}.Debug|iPhone.ActiveCfg = Debug|Any CPU
		{EBE877C4-2FE6-44E0-95F4-982DE99D45F5}.Debug|iPhone.Build.0 = Debug|Any CPU
		{EBE877C4-2FE6-44E0-95F4-982DE99D45F5}.Debug|iPhone.Deploy.0 = Debug|Any CPU
		{EBE877C4-2FE6-44E0-95F4-982DE99D45F5}.Debug|iPhoneSimulator.ActiveCfg = Debug|Any CPU
		{EBE877C4-2FE6-44E0-95F4-982DE99D45F5}.Debug|iPhoneSimulator.Build.0 = Debug|Any CPU
		{EBE877C4-2FE6-44E0-95F4-982DE99D45F5}.Debug|iPhoneSimulator.Deploy.0 = Debug|Any CPU
		{EBE877C4-2FE6-44E0-95F4-982DE99D45F5}.Debug|x64.ActiveCfg = Debug|Any CPU
		{EBE877C4-2FE6-44E0-95F4-982DE99D45F5}.Debug|x64.Build.0 = Debug|Any CPU
		{EBE877C4-2FE6-44E0-95F4-982DE99D45F5}.Debug|x64.Deploy.0 = Debug|Any CPU
		{EBE877C4-2FE6-44E0-95F4-982DE99D45F5}.Debug|x86.ActiveCfg = Debug|Any CPU
		{EBE877C4-2FE6-44E0-95F4-982DE99D45F5}.Debug|x86.Build.0 = Debug|Any CPU
		{EBE877C4-2FE6-44E0-95F4-982DE99D45F5}.Debug|x86.Deploy.0 = Debug|Any CPU
		{EBE877C4-2FE6-44E0-95F4-982DE99D45F5}.Release|Any CPU.ActiveCfg = Release|Any CPU
		{EBE877C4-2FE6-44E0-95F4-982DE99D45F5}.Release|Any CPU.Build.0 = Release|Any CPU
		{EBE877C4-2FE6-44E0-95F4-982DE99D45F5}.Release|Any CPU.Deploy.0 = Release|Any CPU
		{EBE877C4-2FE6-44E0-95F4-982DE99D45F5}.Release|ARM.ActiveCfg = Release|Any CPU
		{EBE877C4-2FE6-44E0-95F4-982DE99D45F5}.Release|ARM.Build.0 = Release|Any CPU
		{EBE877C4-2FE6-44E0-95F4-982DE99D45F5}.Release|ARM.Deploy.0 = Release|Any CPU
		{EBE877C4-2FE6-44E0-95F4-982DE99D45F5}.Release|ARM64.ActiveCfg = Release|Any CPU
		{EBE877C4-2FE6-44E0-95F4-982DE99D45F5}.Release|ARM64.Build.0 = Release|Any CPU
		{EBE877C4-2FE6-44E0-95F4-982DE99D45F5}.Release|ARM64.Deploy.0 = Release|Any CPU
		{EBE877C4-2FE6-44E0-95F4-982DE99D45F5}.Release|iPhone.ActiveCfg = Release|Any CPU
		{EBE877C4-2FE6-44E0-95F4-982DE99D45F5}.Release|iPhone.Build.0 = Release|Any CPU
		{EBE877C4-2FE6-44E0-95F4-982DE99D45F5}.Release|iPhone.Deploy.0 = Release|Any CPU
		{EBE877C4-2FE6-44E0-95F4-982DE99D45F5}.Release|iPhoneSimulator.ActiveCfg = Release|Any CPU
		{EBE877C4-2FE6-44E0-95F4-982DE99D45F5}.Release|iPhoneSimulator.Build.0 = Release|Any CPU
		{EBE877C4-2FE6-44E0-95F4-982DE99D45F5}.Release|iPhoneSimulator.Deploy.0 = Release|Any CPU
		{EBE877C4-2FE6-44E0-95F4-982DE99D45F5}.Release|x64.ActiveCfg = Release|Any CPU
		{EBE877C4-2FE6-44E0-95F4-982DE99D45F5}.Release|x64.Build.0 = Release|Any CPU
		{EBE877C4-2FE6-44E0-95F4-982DE99D45F5}.Release|x64.Deploy.0 = Release|Any CPU
		{EBE877C4-2FE6-44E0-95F4-982DE99D45F5}.Release|x86.ActiveCfg = Release|Any CPU
		{EBE877C4-2FE6-44E0-95F4-982DE99D45F5}.Release|x86.Build.0 = Release|Any CPU
		{EBE877C4-2FE6-44E0-95F4-982DE99D45F5}.Release|x86.Deploy.0 = Release|Any CPU
		{D7C6D6E1-51ED-42F4-BF4E-6D52622FEFB0}.Ad-Hoc|Any CPU.ActiveCfg = Ad-Hoc|iPhoneSimulator
		{D7C6D6E1-51ED-42F4-BF4E-6D52622FEFB0}.Ad-Hoc|ARM.ActiveCfg = Ad-Hoc|iPhoneSimulator
		{D7C6D6E1-51ED-42F4-BF4E-6D52622FEFB0}.Ad-Hoc|ARM64.ActiveCfg = Ad-Hoc|iPhoneSimulator
		{D7C6D6E1-51ED-42F4-BF4E-6D52622FEFB0}.Ad-Hoc|iPhone.ActiveCfg = Ad-Hoc|iPhone
		{D7C6D6E1-51ED-42F4-BF4E-6D52622FEFB0}.Ad-Hoc|iPhone.Build.0 = Ad-Hoc|iPhone
		{D7C6D6E1-51ED-42F4-BF4E-6D52622FEFB0}.Ad-Hoc|iPhoneSimulator.ActiveCfg = Ad-Hoc|iPhoneSimulator
		{D7C6D6E1-51ED-42F4-BF4E-6D52622FEFB0}.Ad-Hoc|iPhoneSimulator.Build.0 = Ad-Hoc|iPhoneSimulator
		{D7C6D6E1-51ED-42F4-BF4E-6D52622FEFB0}.Ad-Hoc|x64.ActiveCfg = Ad-Hoc|iPhoneSimulator
		{D7C6D6E1-51ED-42F4-BF4E-6D52622FEFB0}.Ad-Hoc|x86.ActiveCfg = Ad-Hoc|iPhoneSimulator
		{D7C6D6E1-51ED-42F4-BF4E-6D52622FEFB0}.AppStore|Any CPU.ActiveCfg = AppStore|iPhoneSimulator
		{D7C6D6E1-51ED-42F4-BF4E-6D52622FEFB0}.AppStore|ARM.ActiveCfg = AppStore|iPhoneSimulator
		{D7C6D6E1-51ED-42F4-BF4E-6D52622FEFB0}.AppStore|ARM64.ActiveCfg = AppStore|iPhoneSimulator
		{D7C6D6E1-51ED-42F4-BF4E-6D52622FEFB0}.AppStore|iPhone.ActiveCfg = AppStore|iPhone
		{D7C6D6E1-51ED-42F4-BF4E-6D52622FEFB0}.AppStore|iPhone.Build.0 = AppStore|iPhone
		{D7C6D6E1-51ED-42F4-BF4E-6D52622FEFB0}.AppStore|iPhoneSimulator.ActiveCfg = AppStore|iPhoneSimulator
		{D7C6D6E1-51ED-42F4-BF4E-6D52622FEFB0}.AppStore|iPhoneSimulator.Build.0 = AppStore|iPhoneSimulator
		{D7C6D6E1-51ED-42F4-BF4E-6D52622FEFB0}.AppStore|x64.ActiveCfg = AppStore|iPhoneSimulator
		{D7C6D6E1-51ED-42F4-BF4E-6D52622FEFB0}.AppStore|x86.ActiveCfg = AppStore|iPhoneSimulator
		{D7C6D6E1-51ED-42F4-BF4E-6D52622FEFB0}.Debug|Any CPU.ActiveCfg = Debug|iPhoneSimulator
		{D7C6D6E1-51ED-42F4-BF4E-6D52622FEFB0}.Debug|ARM.ActiveCfg = Debug|iPhoneSimulator
		{D7C6D6E1-51ED-42F4-BF4E-6D52622FEFB0}.Debug|ARM64.ActiveCfg = Debug|iPhoneSimulator
		{D7C6D6E1-51ED-42F4-BF4E-6D52622FEFB0}.Debug|iPhone.ActiveCfg = Debug|iPhone
		{D7C6D6E1-51ED-42F4-BF4E-6D52622FEFB0}.Debug|iPhone.Build.0 = Debug|iPhone
		{D7C6D6E1-51ED-42F4-BF4E-6D52622FEFB0}.Debug|iPhoneSimulator.ActiveCfg = Debug|iPhoneSimulator
		{D7C6D6E1-51ED-42F4-BF4E-6D52622FEFB0}.Debug|iPhoneSimulator.Build.0 = Debug|iPhoneSimulator
		{D7C6D6E1-51ED-42F4-BF4E-6D52622FEFB0}.Debug|x64.ActiveCfg = Debug|iPhoneSimulator
		{D7C6D6E1-51ED-42F4-BF4E-6D52622FEFB0}.Debug|x86.ActiveCfg = Debug|iPhoneSimulator
		{D7C6D6E1-51ED-42F4-BF4E-6D52622FEFB0}.Release|Any CPU.ActiveCfg = Release|iPhoneSimulator
		{D7C6D6E1-51ED-42F4-BF4E-6D52622FEFB0}.Release|ARM.ActiveCfg = Release|iPhoneSimulator
		{D7C6D6E1-51ED-42F4-BF4E-6D52622FEFB0}.Release|ARM64.ActiveCfg = Release|iPhoneSimulator
		{D7C6D6E1-51ED-42F4-BF4E-6D52622FEFB0}.Release|iPhone.ActiveCfg = Release|iPhone
		{D7C6D6E1-51ED-42F4-BF4E-6D52622FEFB0}.Release|iPhone.Build.0 = Release|iPhone
		{D7C6D6E1-51ED-42F4-BF4E-6D52622FEFB0}.Release|iPhoneSimulator.ActiveCfg = Release|iPhoneSimulator
		{D7C6D6E1-51ED-42F4-BF4E-6D52622FEFB0}.Release|iPhoneSimulator.Build.0 = Release|iPhoneSimulator
		{D7C6D6E1-51ED-42F4-BF4E-6D52622FEFB0}.Release|x64.ActiveCfg = Release|iPhoneSimulator
		{D7C6D6E1-51ED-42F4-BF4E-6D52622FEFB0}.Release|x86.ActiveCfg = Release|iPhoneSimulator
		{77AD04DC-E938-4BA3-95ED-6091C93E9ABB}.Ad-Hoc|Any CPU.ActiveCfg = Debug|x86
		{77AD04DC-E938-4BA3-95ED-6091C93E9ABB}.Ad-Hoc|Any CPU.Build.0 = Debug|x86
		{77AD04DC-E938-4BA3-95ED-6091C93E9ABB}.Ad-Hoc|Any CPU.Deploy.0 = Debug|x86
		{77AD04DC-E938-4BA3-95ED-6091C93E9ABB}.Ad-Hoc|ARM.ActiveCfg = Debug|ARM
		{77AD04DC-E938-4BA3-95ED-6091C93E9ABB}.Ad-Hoc|ARM.Build.0 = Debug|ARM
		{77AD04DC-E938-4BA3-95ED-6091C93E9ABB}.Ad-Hoc|ARM.Deploy.0 = Debug|ARM
		{77AD04DC-E938-4BA3-95ED-6091C93E9ABB}.Ad-Hoc|ARM64.ActiveCfg = Debug|ARM64
		{77AD04DC-E938-4BA3-95ED-6091C93E9ABB}.Ad-Hoc|ARM64.Build.0 = Debug|ARM64
		{77AD04DC-E938-4BA3-95ED-6091C93E9ABB}.Ad-Hoc|ARM64.Deploy.0 = Debug|ARM64
		{77AD04DC-E938-4BA3-95ED-6091C93E9ABB}.Ad-Hoc|iPhone.ActiveCfg = Debug|x86
		{77AD04DC-E938-4BA3-95ED-6091C93E9ABB}.Ad-Hoc|iPhone.Build.0 = Debug|x86
		{77AD04DC-E938-4BA3-95ED-6091C93E9ABB}.Ad-Hoc|iPhone.Deploy.0 = Debug|x86
		{77AD04DC-E938-4BA3-95ED-6091C93E9ABB}.Ad-Hoc|iPhoneSimulator.ActiveCfg = Debug|x86
		{77AD04DC-E938-4BA3-95ED-6091C93E9ABB}.Ad-Hoc|iPhoneSimulator.Build.0 = Debug|x86
		{77AD04DC-E938-4BA3-95ED-6091C93E9ABB}.Ad-Hoc|iPhoneSimulator.Deploy.0 = Debug|x86
		{77AD04DC-E938-4BA3-95ED-6091C93E9ABB}.Ad-Hoc|x64.ActiveCfg = Debug|x64
		{77AD04DC-E938-4BA3-95ED-6091C93E9ABB}.Ad-Hoc|x64.Build.0 = Debug|x64
		{77AD04DC-E938-4BA3-95ED-6091C93E9ABB}.Ad-Hoc|x64.Deploy.0 = Debug|x64
		{77AD04DC-E938-4BA3-95ED-6091C93E9ABB}.Ad-Hoc|x86.ActiveCfg = Debug|x86
		{77AD04DC-E938-4BA3-95ED-6091C93E9ABB}.Ad-Hoc|x86.Build.0 = Debug|x86
		{77AD04DC-E938-4BA3-95ED-6091C93E9ABB}.Ad-Hoc|x86.Deploy.0 = Debug|x86
		{77AD04DC-E938-4BA3-95ED-6091C93E9ABB}.AppStore|Any CPU.ActiveCfg = Debug|x86
		{77AD04DC-E938-4BA3-95ED-6091C93E9ABB}.AppStore|Any CPU.Build.0 = Debug|x86
		{77AD04DC-E938-4BA3-95ED-6091C93E9ABB}.AppStore|Any CPU.Deploy.0 = Debug|x86
		{77AD04DC-E938-4BA3-95ED-6091C93E9ABB}.AppStore|ARM.ActiveCfg = Debug|ARM
		{77AD04DC-E938-4BA3-95ED-6091C93E9ABB}.AppStore|ARM.Build.0 = Debug|ARM
		{77AD04DC-E938-4BA3-95ED-6091C93E9ABB}.AppStore|ARM.Deploy.0 = Debug|ARM
		{77AD04DC-E938-4BA3-95ED-6091C93E9ABB}.AppStore|ARM64.ActiveCfg = Debug|ARM64
		{77AD04DC-E938-4BA3-95ED-6091C93E9ABB}.AppStore|ARM64.Build.0 = Debug|ARM64
		{77AD04DC-E938-4BA3-95ED-6091C93E9ABB}.AppStore|ARM64.Deploy.0 = Debug|ARM64
		{77AD04DC-E938-4BA3-95ED-6091C93E9ABB}.AppStore|iPhone.ActiveCfg = Debug|x86
		{77AD04DC-E938-4BA3-95ED-6091C93E9ABB}.AppStore|iPhone.Build.0 = Debug|x86
		{77AD04DC-E938-4BA3-95ED-6091C93E9ABB}.AppStore|iPhone.Deploy.0 = Debug|x86
		{77AD04DC-E938-4BA3-95ED-6091C93E9ABB}.AppStore|iPhoneSimulator.ActiveCfg = Debug|x86
		{77AD04DC-E938-4BA3-95ED-6091C93E9ABB}.AppStore|iPhoneSimulator.Build.0 = Debug|x86
		{77AD04DC-E938-4BA3-95ED-6091C93E9ABB}.AppStore|iPhoneSimulator.Deploy.0 = Debug|x86
		{77AD04DC-E938-4BA3-95ED-6091C93E9ABB}.AppStore|x64.ActiveCfg = Debug|x64
		{77AD04DC-E938-4BA3-95ED-6091C93E9ABB}.AppStore|x64.Build.0 = Debug|x64
		{77AD04DC-E938-4BA3-95ED-6091C93E9ABB}.AppStore|x64.Deploy.0 = Debug|x64
		{77AD04DC-E938-4BA3-95ED-6091C93E9ABB}.AppStore|x86.ActiveCfg = Debug|x86
		{77AD04DC-E938-4BA3-95ED-6091C93E9ABB}.AppStore|x86.Build.0 = Debug|x86
		{77AD04DC-E938-4BA3-95ED-6091C93E9ABB}.AppStore|x86.Deploy.0 = Debug|x86
		{77AD04DC-E938-4BA3-95ED-6091C93E9ABB}.Debug|Any CPU.ActiveCfg = Debug|x86
		{77AD04DC-E938-4BA3-95ED-6091C93E9ABB}.Debug|Any CPU.Build.0 = Debug|x86
		{77AD04DC-E938-4BA3-95ED-6091C93E9ABB}.Debug|Any CPU.Deploy.0 = Debug|x86
		{77AD04DC-E938-4BA3-95ED-6091C93E9ABB}.Debug|ARM.ActiveCfg = Debug|ARM
		{77AD04DC-E938-4BA3-95ED-6091C93E9ABB}.Debug|ARM.Build.0 = Debug|ARM
		{77AD04DC-E938-4BA3-95ED-6091C93E9ABB}.Debug|ARM.Deploy.0 = Debug|ARM
		{77AD04DC-E938-4BA3-95ED-6091C93E9ABB}.Debug|ARM64.ActiveCfg = Debug|ARM64
		{77AD04DC-E938-4BA3-95ED-6091C93E9ABB}.Debug|ARM64.Build.0 = Debug|ARM64
		{77AD04DC-E938-4BA3-95ED-6091C93E9ABB}.Debug|ARM64.Deploy.0 = Debug|ARM64
		{77AD04DC-E938-4BA3-95ED-6091C93E9ABB}.Debug|iPhone.ActiveCfg = Debug|x86
		{77AD04DC-E938-4BA3-95ED-6091C93E9ABB}.Debug|iPhoneSimulator.ActiveCfg = Debug|x86
		{77AD04DC-E938-4BA3-95ED-6091C93E9ABB}.Debug|x64.ActiveCfg = Debug|x64
		{77AD04DC-E938-4BA3-95ED-6091C93E9ABB}.Debug|x64.Build.0 = Debug|x64
		{77AD04DC-E938-4BA3-95ED-6091C93E9ABB}.Debug|x64.Deploy.0 = Debug|x64
		{77AD04DC-E938-4BA3-95ED-6091C93E9ABB}.Debug|x86.ActiveCfg = Debug|x86
		{77AD04DC-E938-4BA3-95ED-6091C93E9ABB}.Debug|x86.Build.0 = Debug|x86
		{77AD04DC-E938-4BA3-95ED-6091C93E9ABB}.Debug|x86.Deploy.0 = Debug|x86
		{77AD04DC-E938-4BA3-95ED-6091C93E9ABB}.Release|Any CPU.ActiveCfg = Release|x86
		{77AD04DC-E938-4BA3-95ED-6091C93E9ABB}.Release|ARM.ActiveCfg = Release|ARM
		{77AD04DC-E938-4BA3-95ED-6091C93E9ABB}.Release|ARM.Build.0 = Release|ARM
		{77AD04DC-E938-4BA3-95ED-6091C93E9ABB}.Release|ARM.Deploy.0 = Release|ARM
		{77AD04DC-E938-4BA3-95ED-6091C93E9ABB}.Release|ARM64.ActiveCfg = Release|ARM64
		{77AD04DC-E938-4BA3-95ED-6091C93E9ABB}.Release|ARM64.Build.0 = Release|ARM64
		{77AD04DC-E938-4BA3-95ED-6091C93E9ABB}.Release|ARM64.Deploy.0 = Release|ARM64
		{77AD04DC-E938-4BA3-95ED-6091C93E9ABB}.Release|iPhone.ActiveCfg = Release|x86
		{77AD04DC-E938-4BA3-95ED-6091C93E9ABB}.Release|iPhoneSimulator.ActiveCfg = Release|x86
		{77AD04DC-E938-4BA3-95ED-6091C93E9ABB}.Release|x64.ActiveCfg = Release|x64
		{77AD04DC-E938-4BA3-95ED-6091C93E9ABB}.Release|x64.Build.0 = Release|x64
		{77AD04DC-E938-4BA3-95ED-6091C93E9ABB}.Release|x64.Deploy.0 = Release|x64
		{77AD04DC-E938-4BA3-95ED-6091C93E9ABB}.Release|x86.ActiveCfg = Release|x86
		{77AD04DC-E938-4BA3-95ED-6091C93E9ABB}.Release|x86.Build.0 = Release|x86
		{77AD04DC-E938-4BA3-95ED-6091C93E9ABB}.Release|x86.Deploy.0 = Release|x86
		{1BE4518A-B8D2-49E5-B32E-9C060C33CD0C}.Ad-Hoc|Any CPU.ActiveCfg = Debug|Any CPU
		{1BE4518A-B8D2-49E5-B32E-9C060C33CD0C}.Ad-Hoc|Any CPU.Build.0 = Debug|Any CPU
		{1BE4518A-B8D2-49E5-B32E-9C060C33CD0C}.Ad-Hoc|ARM.ActiveCfg = Debug|Any CPU
		{1BE4518A-B8D2-49E5-B32E-9C060C33CD0C}.Ad-Hoc|ARM.Build.0 = Debug|Any CPU
		{1BE4518A-B8D2-49E5-B32E-9C060C33CD0C}.Ad-Hoc|ARM64.ActiveCfg = Debug|Any CPU
		{1BE4518A-B8D2-49E5-B32E-9C060C33CD0C}.Ad-Hoc|ARM64.Build.0 = Debug|Any CPU
		{1BE4518A-B8D2-49E5-B32E-9C060C33CD0C}.Ad-Hoc|iPhone.ActiveCfg = Debug|Any CPU
		{1BE4518A-B8D2-49E5-B32E-9C060C33CD0C}.Ad-Hoc|iPhone.Build.0 = Debug|Any CPU
		{1BE4518A-B8D2-49E5-B32E-9C060C33CD0C}.Ad-Hoc|iPhoneSimulator.ActiveCfg = Debug|Any CPU
		{1BE4518A-B8D2-49E5-B32E-9C060C33CD0C}.Ad-Hoc|iPhoneSimulator.Build.0 = Debug|Any CPU
		{1BE4518A-B8D2-49E5-B32E-9C060C33CD0C}.Ad-Hoc|x64.ActiveCfg = Debug|Any CPU
		{1BE4518A-B8D2-49E5-B32E-9C060C33CD0C}.Ad-Hoc|x64.Build.0 = Debug|Any CPU
		{1BE4518A-B8D2-49E5-B32E-9C060C33CD0C}.Ad-Hoc|x86.ActiveCfg = Debug|Any CPU
		{1BE4518A-B8D2-49E5-B32E-9C060C33CD0C}.Ad-Hoc|x86.Build.0 = Debug|Any CPU
		{1BE4518A-B8D2-49E5-B32E-9C060C33CD0C}.AppStore|Any CPU.ActiveCfg = Debug|Any CPU
		{1BE4518A-B8D2-49E5-B32E-9C060C33CD0C}.AppStore|Any CPU.Build.0 = Debug|Any CPU
		{1BE4518A-B8D2-49E5-B32E-9C060C33CD0C}.AppStore|ARM.ActiveCfg = Debug|Any CPU
		{1BE4518A-B8D2-49E5-B32E-9C060C33CD0C}.AppStore|ARM.Build.0 = Debug|Any CPU
		{1BE4518A-B8D2-49E5-B32E-9C060C33CD0C}.AppStore|ARM64.ActiveCfg = Debug|Any CPU
		{1BE4518A-B8D2-49E5-B32E-9C060C33CD0C}.AppStore|ARM64.Build.0 = Debug|Any CPU
		{1BE4518A-B8D2-49E5-B32E-9C060C33CD0C}.AppStore|iPhone.ActiveCfg = Debug|Any CPU
		{1BE4518A-B8D2-49E5-B32E-9C060C33CD0C}.AppStore|iPhone.Build.0 = Debug|Any CPU
		{1BE4518A-B8D2-49E5-B32E-9C060C33CD0C}.AppStore|iPhoneSimulator.ActiveCfg = Debug|Any CPU
		{1BE4518A-B8D2-49E5-B32E-9C060C33CD0C}.AppStore|iPhoneSimulator.Build.0 = Debug|Any CPU
		{1BE4518A-B8D2-49E5-B32E-9C060C33CD0C}.AppStore|x64.ActiveCfg = Debug|Any CPU
		{1BE4518A-B8D2-49E5-B32E-9C060C33CD0C}.AppStore|x64.Build.0 = Debug|Any CPU
		{1BE4518A-B8D2-49E5-B32E-9C060C33CD0C}.AppStore|x86.ActiveCfg = Debug|Any CPU
		{1BE4518A-B8D2-49E5-B32E-9C060C33CD0C}.AppStore|x86.Build.0 = Debug|Any CPU
		{1BE4518A-B8D2-49E5-B32E-9C060C33CD0C}.Debug|Any CPU.ActiveCfg = Debug|Any CPU
		{1BE4518A-B8D2-49E5-B32E-9C060C33CD0C}.Debug|Any CPU.Build.0 = Debug|Any CPU
		{1BE4518A-B8D2-49E5-B32E-9C060C33CD0C}.Debug|ARM.ActiveCfg = Debug|Any CPU
		{1BE4518A-B8D2-49E5-B32E-9C060C33CD0C}.Debug|ARM.Build.0 = Debug|Any CPU
		{1BE4518A-B8D2-49E5-B32E-9C060C33CD0C}.Debug|ARM64.ActiveCfg = Debug|Any CPU
		{1BE4518A-B8D2-49E5-B32E-9C060C33CD0C}.Debug|ARM64.Build.0 = Debug|Any CPU
		{1BE4518A-B8D2-49E5-B32E-9C060C33CD0C}.Debug|iPhone.ActiveCfg = Debug|Any CPU
		{1BE4518A-B8D2-49E5-B32E-9C060C33CD0C}.Debug|iPhone.Build.0 = Debug|Any CPU
		{1BE4518A-B8D2-49E5-B32E-9C060C33CD0C}.Debug|iPhoneSimulator.ActiveCfg = Debug|Any CPU
		{1BE4518A-B8D2-49E5-B32E-9C060C33CD0C}.Debug|iPhoneSimulator.Build.0 = Debug|Any CPU
		{1BE4518A-B8D2-49E5-B32E-9C060C33CD0C}.Debug|x64.ActiveCfg = Debug|Any CPU
		{1BE4518A-B8D2-49E5-B32E-9C060C33CD0C}.Debug|x64.Build.0 = Debug|Any CPU
		{1BE4518A-B8D2-49E5-B32E-9C060C33CD0C}.Debug|x86.ActiveCfg = Debug|Any CPU
		{1BE4518A-B8D2-49E5-B32E-9C060C33CD0C}.Debug|x86.Build.0 = Debug|Any CPU
		{1BE4518A-B8D2-49E5-B32E-9C060C33CD0C}.Release|Any CPU.ActiveCfg = Release|Any CPU
		{1BE4518A-B8D2-49E5-B32E-9C060C33CD0C}.Release|Any CPU.Build.0 = Release|Any CPU
		{1BE4518A-B8D2-49E5-B32E-9C060C33CD0C}.Release|ARM.ActiveCfg = Release|Any CPU
		{1BE4518A-B8D2-49E5-B32E-9C060C33CD0C}.Release|ARM.Build.0 = Release|Any CPU
		{1BE4518A-B8D2-49E5-B32E-9C060C33CD0C}.Release|ARM64.ActiveCfg = Release|Any CPU
		{1BE4518A-B8D2-49E5-B32E-9C060C33CD0C}.Release|ARM64.Build.0 = Release|Any CPU
		{1BE4518A-B8D2-49E5-B32E-9C060C33CD0C}.Release|iPhone.ActiveCfg = Release|Any CPU
		{1BE4518A-B8D2-49E5-B32E-9C060C33CD0C}.Release|iPhone.Build.0 = Release|Any CPU
		{1BE4518A-B8D2-49E5-B32E-9C060C33CD0C}.Release|iPhoneSimulator.ActiveCfg = Release|Any CPU
		{1BE4518A-B8D2-49E5-B32E-9C060C33CD0C}.Release|iPhoneSimulator.Build.0 = Release|Any CPU
		{1BE4518A-B8D2-49E5-B32E-9C060C33CD0C}.Release|x64.ActiveCfg = Release|Any CPU
		{1BE4518A-B8D2-49E5-B32E-9C060C33CD0C}.Release|x64.Build.0 = Release|Any CPU
		{1BE4518A-B8D2-49E5-B32E-9C060C33CD0C}.Release|x86.ActiveCfg = Release|Any CPU
		{1BE4518A-B8D2-49E5-B32E-9C060C33CD0C}.Release|x86.Build.0 = Release|Any CPU
		{C7A4BFD0-8406-4295-8C5B-776AD23629D2}.Ad-Hoc|Any CPU.ActiveCfg = Debug|iPhoneSimulator
		{C7A4BFD0-8406-4295-8C5B-776AD23629D2}.Ad-Hoc|Any CPU.Build.0 = Debug|iPhoneSimulator
		{C7A4BFD0-8406-4295-8C5B-776AD23629D2}.Ad-Hoc|ARM.ActiveCfg = Debug|iPhoneSimulator
		{C7A4BFD0-8406-4295-8C5B-776AD23629D2}.Ad-Hoc|ARM.Build.0 = Debug|iPhoneSimulator
		{C7A4BFD0-8406-4295-8C5B-776AD23629D2}.Ad-Hoc|ARM64.ActiveCfg = Debug|iPhoneSimulator
		{C7A4BFD0-8406-4295-8C5B-776AD23629D2}.Ad-Hoc|ARM64.Build.0 = Debug|iPhoneSimulator
		{C7A4BFD0-8406-4295-8C5B-776AD23629D2}.Ad-Hoc|iPhone.ActiveCfg = Debug|iPhoneSimulator
		{C7A4BFD0-8406-4295-8C5B-776AD23629D2}.Ad-Hoc|iPhone.Build.0 = Debug|iPhoneSimulator
		{C7A4BFD0-8406-4295-8C5B-776AD23629D2}.Ad-Hoc|iPhoneSimulator.ActiveCfg = Debug|iPhoneSimulator
		{C7A4BFD0-8406-4295-8C5B-776AD23629D2}.Ad-Hoc|iPhoneSimulator.Build.0 = Debug|iPhoneSimulator
		{C7A4BFD0-8406-4295-8C5B-776AD23629D2}.Ad-Hoc|x64.ActiveCfg = Debug|iPhoneSimulator
		{C7A4BFD0-8406-4295-8C5B-776AD23629D2}.Ad-Hoc|x64.Build.0 = Debug|iPhoneSimulator
		{C7A4BFD0-8406-4295-8C5B-776AD23629D2}.Ad-Hoc|x86.ActiveCfg = Debug|iPhoneSimulator
		{C7A4BFD0-8406-4295-8C5B-776AD23629D2}.Ad-Hoc|x86.Build.0 = Debug|iPhoneSimulator
		{C7A4BFD0-8406-4295-8C5B-776AD23629D2}.AppStore|Any CPU.ActiveCfg = Debug|iPhoneSimulator
		{C7A4BFD0-8406-4295-8C5B-776AD23629D2}.AppStore|Any CPU.Build.0 = Debug|iPhoneSimulator
		{C7A4BFD0-8406-4295-8C5B-776AD23629D2}.AppStore|ARM.ActiveCfg = Debug|iPhoneSimulator
		{C7A4BFD0-8406-4295-8C5B-776AD23629D2}.AppStore|ARM.Build.0 = Debug|iPhoneSimulator
		{C7A4BFD0-8406-4295-8C5B-776AD23629D2}.AppStore|ARM64.ActiveCfg = Debug|iPhoneSimulator
		{C7A4BFD0-8406-4295-8C5B-776AD23629D2}.AppStore|ARM64.Build.0 = Debug|iPhoneSimulator
		{C7A4BFD0-8406-4295-8C5B-776AD23629D2}.AppStore|iPhone.ActiveCfg = Debug|iPhoneSimulator
		{C7A4BFD0-8406-4295-8C5B-776AD23629D2}.AppStore|iPhone.Build.0 = Debug|iPhoneSimulator
		{C7A4BFD0-8406-4295-8C5B-776AD23629D2}.AppStore|iPhoneSimulator.ActiveCfg = Debug|iPhoneSimulator
		{C7A4BFD0-8406-4295-8C5B-776AD23629D2}.AppStore|iPhoneSimulator.Build.0 = Debug|iPhoneSimulator
		{C7A4BFD0-8406-4295-8C5B-776AD23629D2}.AppStore|x64.ActiveCfg = Debug|iPhoneSimulator
		{C7A4BFD0-8406-4295-8C5B-776AD23629D2}.AppStore|x64.Build.0 = Debug|iPhoneSimulator
		{C7A4BFD0-8406-4295-8C5B-776AD23629D2}.AppStore|x86.ActiveCfg = Debug|iPhoneSimulator
		{C7A4BFD0-8406-4295-8C5B-776AD23629D2}.AppStore|x86.Build.0 = Debug|iPhoneSimulator
		{C7A4BFD0-8406-4295-8C5B-776AD23629D2}.Debug|Any CPU.ActiveCfg = Debug|iPhoneSimulator
		{C7A4BFD0-8406-4295-8C5B-776AD23629D2}.Debug|ARM.ActiveCfg = Debug|iPhoneSimulator
		{C7A4BFD0-8406-4295-8C5B-776AD23629D2}.Debug|ARM64.ActiveCfg = Debug|iPhoneSimulator
		{C7A4BFD0-8406-4295-8C5B-776AD23629D2}.Debug|iPhone.ActiveCfg = Debug|iPhoneSimulator
		{C7A4BFD0-8406-4295-8C5B-776AD23629D2}.Debug|iPhoneSimulator.ActiveCfg = Debug|iPhoneSimulator
		{C7A4BFD0-8406-4295-8C5B-776AD23629D2}.Debug|iPhoneSimulator.Build.0 = Debug|iPhoneSimulator
		{C7A4BFD0-8406-4295-8C5B-776AD23629D2}.Debug|x64.ActiveCfg = Debug|iPhoneSimulator
		{C7A4BFD0-8406-4295-8C5B-776AD23629D2}.Debug|x86.ActiveCfg = Debug|iPhoneSimulator
		{C7A4BFD0-8406-4295-8C5B-776AD23629D2}.Release|Any CPU.ActiveCfg = Release|iPhoneSimulator
		{C7A4BFD0-8406-4295-8C5B-776AD23629D2}.Release|ARM.ActiveCfg = Release|iPhoneSimulator
		{C7A4BFD0-8406-4295-8C5B-776AD23629D2}.Release|ARM64.ActiveCfg = Release|iPhoneSimulator
		{C7A4BFD0-8406-4295-8C5B-776AD23629D2}.Release|iPhone.ActiveCfg = Release|iPhoneSimulator
		{C7A4BFD0-8406-4295-8C5B-776AD23629D2}.Release|iPhoneSimulator.ActiveCfg = Release|iPhoneSimulator
		{C7A4BFD0-8406-4295-8C5B-776AD23629D2}.Release|iPhoneSimulator.Build.0 = Release|iPhoneSimulator
		{C7A4BFD0-8406-4295-8C5B-776AD23629D2}.Release|x64.ActiveCfg = Release|iPhoneSimulator
		{C7A4BFD0-8406-4295-8C5B-776AD23629D2}.Release|x86.ActiveCfg = Release|iPhoneSimulator
		{93D30D6D-9832-4E9D-8383-56FB7663E1F0}.Ad-Hoc|Any CPU.ActiveCfg = Debug|Any CPU
		{93D30D6D-9832-4E9D-8383-56FB7663E1F0}.Ad-Hoc|Any CPU.Build.0 = Debug|Any CPU
		{93D30D6D-9832-4E9D-8383-56FB7663E1F0}.Ad-Hoc|ARM.ActiveCfg = Debug|Any CPU
		{93D30D6D-9832-4E9D-8383-56FB7663E1F0}.Ad-Hoc|ARM.Build.0 = Debug|Any CPU
		{93D30D6D-9832-4E9D-8383-56FB7663E1F0}.Ad-Hoc|ARM64.ActiveCfg = Debug|Any CPU
		{93D30D6D-9832-4E9D-8383-56FB7663E1F0}.Ad-Hoc|ARM64.Build.0 = Debug|Any CPU
		{93D30D6D-9832-4E9D-8383-56FB7663E1F0}.Ad-Hoc|iPhone.ActiveCfg = Debug|Any CPU
		{93D30D6D-9832-4E9D-8383-56FB7663E1F0}.Ad-Hoc|iPhone.Build.0 = Debug|Any CPU
		{93D30D6D-9832-4E9D-8383-56FB7663E1F0}.Ad-Hoc|iPhoneSimulator.ActiveCfg = Debug|Any CPU
		{93D30D6D-9832-4E9D-8383-56FB7663E1F0}.Ad-Hoc|iPhoneSimulator.Build.0 = Debug|Any CPU
		{93D30D6D-9832-4E9D-8383-56FB7663E1F0}.Ad-Hoc|x64.ActiveCfg = Debug|Any CPU
		{93D30D6D-9832-4E9D-8383-56FB7663E1F0}.Ad-Hoc|x64.Build.0 = Debug|Any CPU
		{93D30D6D-9832-4E9D-8383-56FB7663E1F0}.Ad-Hoc|x86.ActiveCfg = Debug|Any CPU
		{93D30D6D-9832-4E9D-8383-56FB7663E1F0}.Ad-Hoc|x86.Build.0 = Debug|Any CPU
		{93D30D6D-9832-4E9D-8383-56FB7663E1F0}.AppStore|Any CPU.ActiveCfg = Debug|Any CPU
		{93D30D6D-9832-4E9D-8383-56FB7663E1F0}.AppStore|Any CPU.Build.0 = Debug|Any CPU
		{93D30D6D-9832-4E9D-8383-56FB7663E1F0}.AppStore|ARM.ActiveCfg = Debug|Any CPU
		{93D30D6D-9832-4E9D-8383-56FB7663E1F0}.AppStore|ARM.Build.0 = Debug|Any CPU
		{93D30D6D-9832-4E9D-8383-56FB7663E1F0}.AppStore|ARM64.ActiveCfg = Debug|Any CPU
		{93D30D6D-9832-4E9D-8383-56FB7663E1F0}.AppStore|ARM64.Build.0 = Debug|Any CPU
		{93D30D6D-9832-4E9D-8383-56FB7663E1F0}.AppStore|iPhone.ActiveCfg = Debug|Any CPU
		{93D30D6D-9832-4E9D-8383-56FB7663E1F0}.AppStore|iPhone.Build.0 = Debug|Any CPU
		{93D30D6D-9832-4E9D-8383-56FB7663E1F0}.AppStore|iPhoneSimulator.ActiveCfg = Debug|Any CPU
		{93D30D6D-9832-4E9D-8383-56FB7663E1F0}.AppStore|iPhoneSimulator.Build.0 = Debug|Any CPU
		{93D30D6D-9832-4E9D-8383-56FB7663E1F0}.AppStore|x64.ActiveCfg = Debug|Any CPU
		{93D30D6D-9832-4E9D-8383-56FB7663E1F0}.AppStore|x64.Build.0 = Debug|Any CPU
		{93D30D6D-9832-4E9D-8383-56FB7663E1F0}.AppStore|x86.ActiveCfg = Debug|Any CPU
		{93D30D6D-9832-4E9D-8383-56FB7663E1F0}.AppStore|x86.Build.0 = Debug|Any CPU
		{93D30D6D-9832-4E9D-8383-56FB7663E1F0}.Debug|Any CPU.ActiveCfg = Debug|Any CPU
		{93D30D6D-9832-4E9D-8383-56FB7663E1F0}.Debug|Any CPU.Build.0 = Debug|Any CPU
		{93D30D6D-9832-4E9D-8383-56FB7663E1F0}.Debug|ARM.ActiveCfg = Debug|Any CPU
		{93D30D6D-9832-4E9D-8383-56FB7663E1F0}.Debug|ARM.Build.0 = Debug|Any CPU
		{93D30D6D-9832-4E9D-8383-56FB7663E1F0}.Debug|ARM64.ActiveCfg = Debug|Any CPU
		{93D30D6D-9832-4E9D-8383-56FB7663E1F0}.Debug|ARM64.Build.0 = Debug|Any CPU
		{93D30D6D-9832-4E9D-8383-56FB7663E1F0}.Debug|iPhone.ActiveCfg = Debug|Any CPU
		{93D30D6D-9832-4E9D-8383-56FB7663E1F0}.Debug|iPhone.Build.0 = Debug|Any CPU
		{93D30D6D-9832-4E9D-8383-56FB7663E1F0}.Debug|iPhoneSimulator.ActiveCfg = Debug|Any CPU
		{93D30D6D-9832-4E9D-8383-56FB7663E1F0}.Debug|iPhoneSimulator.Build.0 = Debug|Any CPU
		{93D30D6D-9832-4E9D-8383-56FB7663E1F0}.Debug|x64.ActiveCfg = Debug|Any CPU
		{93D30D6D-9832-4E9D-8383-56FB7663E1F0}.Debug|x64.Build.0 = Debug|Any CPU
		{93D30D6D-9832-4E9D-8383-56FB7663E1F0}.Debug|x86.ActiveCfg = Debug|Any CPU
		{93D30D6D-9832-4E9D-8383-56FB7663E1F0}.Debug|x86.Build.0 = Debug|Any CPU
		{93D30D6D-9832-4E9D-8383-56FB7663E1F0}.Release|Any CPU.ActiveCfg = Release|Any CPU
		{93D30D6D-9832-4E9D-8383-56FB7663E1F0}.Release|Any CPU.Build.0 = Release|Any CPU
		{93D30D6D-9832-4E9D-8383-56FB7663E1F0}.Release|ARM.ActiveCfg = Release|Any CPU
		{93D30D6D-9832-4E9D-8383-56FB7663E1F0}.Release|ARM.Build.0 = Release|Any CPU
		{93D30D6D-9832-4E9D-8383-56FB7663E1F0}.Release|ARM64.ActiveCfg = Release|Any CPU
		{93D30D6D-9832-4E9D-8383-56FB7663E1F0}.Release|ARM64.Build.0 = Release|Any CPU
		{93D30D6D-9832-4E9D-8383-56FB7663E1F0}.Release|iPhone.ActiveCfg = Release|Any CPU
		{93D30D6D-9832-4E9D-8383-56FB7663E1F0}.Release|iPhone.Build.0 = Release|Any CPU
		{93D30D6D-9832-4E9D-8383-56FB7663E1F0}.Release|iPhoneSimulator.ActiveCfg = Release|Any CPU
		{93D30D6D-9832-4E9D-8383-56FB7663E1F0}.Release|iPhoneSimulator.Build.0 = Release|Any CPU
		{93D30D6D-9832-4E9D-8383-56FB7663E1F0}.Release|x64.ActiveCfg = Release|Any CPU
		{93D30D6D-9832-4E9D-8383-56FB7663E1F0}.Release|x64.Build.0 = Release|Any CPU
		{93D30D6D-9832-4E9D-8383-56FB7663E1F0}.Release|x86.ActiveCfg = Release|Any CPU
		{93D30D6D-9832-4E9D-8383-56FB7663E1F0}.Release|x86.Build.0 = Release|Any CPU
		{7C2F4C88-B96C-4D1D-98CB-41C00CED2AD6}.Ad-Hoc|Any CPU.ActiveCfg = Debug|Any CPU
		{7C2F4C88-B96C-4D1D-98CB-41C00CED2AD6}.Ad-Hoc|Any CPU.Build.0 = Debug|Any CPU
		{7C2F4C88-B96C-4D1D-98CB-41C00CED2AD6}.Ad-Hoc|ARM.ActiveCfg = Debug|Any CPU
		{7C2F4C88-B96C-4D1D-98CB-41C00CED2AD6}.Ad-Hoc|ARM.Build.0 = Debug|Any CPU
		{7C2F4C88-B96C-4D1D-98CB-41C00CED2AD6}.Ad-Hoc|ARM64.ActiveCfg = Debug|Any CPU
		{7C2F4C88-B96C-4D1D-98CB-41C00CED2AD6}.Ad-Hoc|ARM64.Build.0 = Debug|Any CPU
		{7C2F4C88-B96C-4D1D-98CB-41C00CED2AD6}.Ad-Hoc|iPhone.ActiveCfg = Debug|Any CPU
		{7C2F4C88-B96C-4D1D-98CB-41C00CED2AD6}.Ad-Hoc|iPhone.Build.0 = Debug|Any CPU
		{7C2F4C88-B96C-4D1D-98CB-41C00CED2AD6}.Ad-Hoc|iPhoneSimulator.ActiveCfg = Debug|Any CPU
		{7C2F4C88-B96C-4D1D-98CB-41C00CED2AD6}.Ad-Hoc|iPhoneSimulator.Build.0 = Debug|Any CPU
		{7C2F4C88-B96C-4D1D-98CB-41C00CED2AD6}.Ad-Hoc|x64.ActiveCfg = Debug|Any CPU
		{7C2F4C88-B96C-4D1D-98CB-41C00CED2AD6}.Ad-Hoc|x64.Build.0 = Debug|Any CPU
		{7C2F4C88-B96C-4D1D-98CB-41C00CED2AD6}.Ad-Hoc|x86.ActiveCfg = Debug|Any CPU
		{7C2F4C88-B96C-4D1D-98CB-41C00CED2AD6}.Ad-Hoc|x86.Build.0 = Debug|Any CPU
		{7C2F4C88-B96C-4D1D-98CB-41C00CED2AD6}.AppStore|Any CPU.ActiveCfg = Debug|Any CPU
		{7C2F4C88-B96C-4D1D-98CB-41C00CED2AD6}.AppStore|Any CPU.Build.0 = Debug|Any CPU
		{7C2F4C88-B96C-4D1D-98CB-41C00CED2AD6}.AppStore|ARM.ActiveCfg = Debug|Any CPU
		{7C2F4C88-B96C-4D1D-98CB-41C00CED2AD6}.AppStore|ARM.Build.0 = Debug|Any CPU
		{7C2F4C88-B96C-4D1D-98CB-41C00CED2AD6}.AppStore|ARM64.ActiveCfg = Debug|Any CPU
		{7C2F4C88-B96C-4D1D-98CB-41C00CED2AD6}.AppStore|ARM64.Build.0 = Debug|Any CPU
		{7C2F4C88-B96C-4D1D-98CB-41C00CED2AD6}.AppStore|iPhone.ActiveCfg = Debug|Any CPU
		{7C2F4C88-B96C-4D1D-98CB-41C00CED2AD6}.AppStore|iPhone.Build.0 = Debug|Any CPU
		{7C2F4C88-B96C-4D1D-98CB-41C00CED2AD6}.AppStore|iPhoneSimulator.ActiveCfg = Debug|Any CPU
		{7C2F4C88-B96C-4D1D-98CB-41C00CED2AD6}.AppStore|iPhoneSimulator.Build.0 = Debug|Any CPU
		{7C2F4C88-B96C-4D1D-98CB-41C00CED2AD6}.AppStore|x64.ActiveCfg = Debug|Any CPU
		{7C2F4C88-B96C-4D1D-98CB-41C00CED2AD6}.AppStore|x64.Build.0 = Debug|Any CPU
		{7C2F4C88-B96C-4D1D-98CB-41C00CED2AD6}.AppStore|x86.ActiveCfg = Debug|Any CPU
		{7C2F4C88-B96C-4D1D-98CB-41C00CED2AD6}.AppStore|x86.Build.0 = Debug|Any CPU
		{7C2F4C88-B96C-4D1D-98CB-41C00CED2AD6}.Debug|Any CPU.ActiveCfg = Debug|Any CPU
		{7C2F4C88-B96C-4D1D-98CB-41C00CED2AD6}.Debug|Any CPU.Build.0 = Debug|Any CPU
		{7C2F4C88-B96C-4D1D-98CB-41C00CED2AD6}.Debug|ARM.ActiveCfg = Debug|Any CPU
		{7C2F4C88-B96C-4D1D-98CB-41C00CED2AD6}.Debug|ARM.Build.0 = Debug|Any CPU
		{7C2F4C88-B96C-4D1D-98CB-41C00CED2AD6}.Debug|ARM64.ActiveCfg = Debug|Any CPU
		{7C2F4C88-B96C-4D1D-98CB-41C00CED2AD6}.Debug|ARM64.Build.0 = Debug|Any CPU
		{7C2F4C88-B96C-4D1D-98CB-41C00CED2AD6}.Debug|iPhone.ActiveCfg = Debug|Any CPU
		{7C2F4C88-B96C-4D1D-98CB-41C00CED2AD6}.Debug|iPhone.Build.0 = Debug|Any CPU
		{7C2F4C88-B96C-4D1D-98CB-41C00CED2AD6}.Debug|iPhoneSimulator.ActiveCfg = Debug|Any CPU
		{7C2F4C88-B96C-4D1D-98CB-41C00CED2AD6}.Debug|iPhoneSimulator.Build.0 = Debug|Any CPU
		{7C2F4C88-B96C-4D1D-98CB-41C00CED2AD6}.Debug|x64.ActiveCfg = Debug|Any CPU
		{7C2F4C88-B96C-4D1D-98CB-41C00CED2AD6}.Debug|x64.Build.0 = Debug|Any CPU
		{7C2F4C88-B96C-4D1D-98CB-41C00CED2AD6}.Debug|x86.ActiveCfg = Debug|Any CPU
		{7C2F4C88-B96C-4D1D-98CB-41C00CED2AD6}.Debug|x86.Build.0 = Debug|Any CPU
		{7C2F4C88-B96C-4D1D-98CB-41C00CED2AD6}.Release|Any CPU.ActiveCfg = Release|Any CPU
		{7C2F4C88-B96C-4D1D-98CB-41C00CED2AD6}.Release|Any CPU.Build.0 = Release|Any CPU
		{7C2F4C88-B96C-4D1D-98CB-41C00CED2AD6}.Release|ARM.ActiveCfg = Release|Any CPU
		{7C2F4C88-B96C-4D1D-98CB-41C00CED2AD6}.Release|ARM.Build.0 = Release|Any CPU
		{7C2F4C88-B96C-4D1D-98CB-41C00CED2AD6}.Release|ARM64.ActiveCfg = Release|Any CPU
		{7C2F4C88-B96C-4D1D-98CB-41C00CED2AD6}.Release|ARM64.Build.0 = Release|Any CPU
		{7C2F4C88-B96C-4D1D-98CB-41C00CED2AD6}.Release|iPhone.ActiveCfg = Release|Any CPU
		{7C2F4C88-B96C-4D1D-98CB-41C00CED2AD6}.Release|iPhone.Build.0 = Release|Any CPU
		{7C2F4C88-B96C-4D1D-98CB-41C00CED2AD6}.Release|iPhoneSimulator.ActiveCfg = Release|Any CPU
		{7C2F4C88-B96C-4D1D-98CB-41C00CED2AD6}.Release|iPhoneSimulator.Build.0 = Release|Any CPU
		{7C2F4C88-B96C-4D1D-98CB-41C00CED2AD6}.Release|x64.ActiveCfg = Release|Any CPU
		{7C2F4C88-B96C-4D1D-98CB-41C00CED2AD6}.Release|x64.Build.0 = Release|Any CPU
		{7C2F4C88-B96C-4D1D-98CB-41C00CED2AD6}.Release|x86.ActiveCfg = Release|Any CPU
		{7C2F4C88-B96C-4D1D-98CB-41C00CED2AD6}.Release|x86.Build.0 = Release|Any CPU
		{518E4146-4A20-4945-866E-0FFF88CD58F9}.Ad-Hoc|Any CPU.ActiveCfg = Debug|Any CPU
		{518E4146-4A20-4945-866E-0FFF88CD58F9}.Ad-Hoc|Any CPU.Build.0 = Debug|Any CPU
		{518E4146-4A20-4945-866E-0FFF88CD58F9}.Ad-Hoc|ARM.ActiveCfg = Debug|Any CPU
		{518E4146-4A20-4945-866E-0FFF88CD58F9}.Ad-Hoc|ARM.Build.0 = Debug|Any CPU
		{518E4146-4A20-4945-866E-0FFF88CD58F9}.Ad-Hoc|ARM64.ActiveCfg = Debug|Any CPU
		{518E4146-4A20-4945-866E-0FFF88CD58F9}.Ad-Hoc|ARM64.Build.0 = Debug|Any CPU
		{518E4146-4A20-4945-866E-0FFF88CD58F9}.Ad-Hoc|iPhone.ActiveCfg = Debug|Any CPU
		{518E4146-4A20-4945-866E-0FFF88CD58F9}.Ad-Hoc|iPhone.Build.0 = Debug|Any CPU
		{518E4146-4A20-4945-866E-0FFF88CD58F9}.Ad-Hoc|iPhoneSimulator.ActiveCfg = Debug|Any CPU
		{518E4146-4A20-4945-866E-0FFF88CD58F9}.Ad-Hoc|iPhoneSimulator.Build.0 = Debug|Any CPU
		{518E4146-4A20-4945-866E-0FFF88CD58F9}.Ad-Hoc|x64.ActiveCfg = Debug|Any CPU
		{518E4146-4A20-4945-866E-0FFF88CD58F9}.Ad-Hoc|x64.Build.0 = Debug|Any CPU
		{518E4146-4A20-4945-866E-0FFF88CD58F9}.Ad-Hoc|x86.ActiveCfg = Debug|Any CPU
		{518E4146-4A20-4945-866E-0FFF88CD58F9}.Ad-Hoc|x86.Build.0 = Debug|Any CPU
		{518E4146-4A20-4945-866E-0FFF88CD58F9}.AppStore|Any CPU.ActiveCfg = Debug|Any CPU
		{518E4146-4A20-4945-866E-0FFF88CD58F9}.AppStore|Any CPU.Build.0 = Debug|Any CPU
		{518E4146-4A20-4945-866E-0FFF88CD58F9}.AppStore|ARM.ActiveCfg = Debug|Any CPU
		{518E4146-4A20-4945-866E-0FFF88CD58F9}.AppStore|ARM.Build.0 = Debug|Any CPU
		{518E4146-4A20-4945-866E-0FFF88CD58F9}.AppStore|ARM64.ActiveCfg = Debug|Any CPU
		{518E4146-4A20-4945-866E-0FFF88CD58F9}.AppStore|ARM64.Build.0 = Debug|Any CPU
		{518E4146-4A20-4945-866E-0FFF88CD58F9}.AppStore|iPhone.ActiveCfg = Debug|Any CPU
		{518E4146-4A20-4945-866E-0FFF88CD58F9}.AppStore|iPhone.Build.0 = Debug|Any CPU
		{518E4146-4A20-4945-866E-0FFF88CD58F9}.AppStore|iPhoneSimulator.ActiveCfg = Debug|Any CPU
		{518E4146-4A20-4945-866E-0FFF88CD58F9}.AppStore|iPhoneSimulator.Build.0 = Debug|Any CPU
		{518E4146-4A20-4945-866E-0FFF88CD58F9}.AppStore|x64.ActiveCfg = Debug|Any CPU
		{518E4146-4A20-4945-866E-0FFF88CD58F9}.AppStore|x64.Build.0 = Debug|Any CPU
		{518E4146-4A20-4945-866E-0FFF88CD58F9}.AppStore|x86.ActiveCfg = Debug|Any CPU
		{518E4146-4A20-4945-866E-0FFF88CD58F9}.AppStore|x86.Build.0 = Debug|Any CPU
		{518E4146-4A20-4945-866E-0FFF88CD58F9}.Debug|Any CPU.ActiveCfg = Debug|Any CPU
		{518E4146-4A20-4945-866E-0FFF88CD58F9}.Debug|Any CPU.Build.0 = Debug|Any CPU
		{518E4146-4A20-4945-866E-0FFF88CD58F9}.Debug|ARM.ActiveCfg = Debug|Any CPU
		{518E4146-4A20-4945-866E-0FFF88CD58F9}.Debug|ARM.Build.0 = Debug|Any CPU
		{518E4146-4A20-4945-866E-0FFF88CD58F9}.Debug|ARM64.ActiveCfg = Debug|Any CPU
		{518E4146-4A20-4945-866E-0FFF88CD58F9}.Debug|ARM64.Build.0 = Debug|Any CPU
		{518E4146-4A20-4945-866E-0FFF88CD58F9}.Debug|iPhone.ActiveCfg = Debug|Any CPU
		{518E4146-4A20-4945-866E-0FFF88CD58F9}.Debug|iPhone.Build.0 = Debug|Any CPU
		{518E4146-4A20-4945-866E-0FFF88CD58F9}.Debug|iPhoneSimulator.ActiveCfg = Debug|Any CPU
		{518E4146-4A20-4945-866E-0FFF88CD58F9}.Debug|iPhoneSimulator.Build.0 = Debug|Any CPU
		{518E4146-4A20-4945-866E-0FFF88CD58F9}.Debug|x64.ActiveCfg = Debug|Any CPU
		{518E4146-4A20-4945-866E-0FFF88CD58F9}.Debug|x64.Build.0 = Debug|Any CPU
		{518E4146-4A20-4945-866E-0FFF88CD58F9}.Debug|x86.ActiveCfg = Debug|Any CPU
		{518E4146-4A20-4945-866E-0FFF88CD58F9}.Debug|x86.Build.0 = Debug|Any CPU
		{518E4146-4A20-4945-866E-0FFF88CD58F9}.Release|Any CPU.ActiveCfg = Release|Any CPU
		{518E4146-4A20-4945-866E-0FFF88CD58F9}.Release|Any CPU.Build.0 = Release|Any CPU
		{518E4146-4A20-4945-866E-0FFF88CD58F9}.Release|ARM.ActiveCfg = Release|Any CPU
		{518E4146-4A20-4945-866E-0FFF88CD58F9}.Release|ARM.Build.0 = Release|Any CPU
		{518E4146-4A20-4945-866E-0FFF88CD58F9}.Release|ARM64.ActiveCfg = Release|Any CPU
		{518E4146-4A20-4945-866E-0FFF88CD58F9}.Release|ARM64.Build.0 = Release|Any CPU
		{518E4146-4A20-4945-866E-0FFF88CD58F9}.Release|iPhone.ActiveCfg = Release|Any CPU
		{518E4146-4A20-4945-866E-0FFF88CD58F9}.Release|iPhone.Build.0 = Release|Any CPU
		{518E4146-4A20-4945-866E-0FFF88CD58F9}.Release|iPhoneSimulator.ActiveCfg = Release|Any CPU
		{518E4146-4A20-4945-866E-0FFF88CD58F9}.Release|iPhoneSimulator.Build.0 = Release|Any CPU
		{518E4146-4A20-4945-866E-0FFF88CD58F9}.Release|x64.ActiveCfg = Release|Any CPU
		{518E4146-4A20-4945-866E-0FFF88CD58F9}.Release|x64.Build.0 = Release|Any CPU
		{518E4146-4A20-4945-866E-0FFF88CD58F9}.Release|x86.ActiveCfg = Release|Any CPU
		{518E4146-4A20-4945-866E-0FFF88CD58F9}.Release|x86.Build.0 = Release|Any CPU
		{229CC0A3-8BEC-4067-A286-88FED81D5508}.Ad-Hoc|Any CPU.ActiveCfg = Debug|Any CPU
		{229CC0A3-8BEC-4067-A286-88FED81D5508}.Ad-Hoc|Any CPU.Build.0 = Debug|Any CPU
		{229CC0A3-8BEC-4067-A286-88FED81D5508}.Ad-Hoc|ARM.ActiveCfg = Debug|Any CPU
		{229CC0A3-8BEC-4067-A286-88FED81D5508}.Ad-Hoc|ARM.Build.0 = Debug|Any CPU
		{229CC0A3-8BEC-4067-A286-88FED81D5508}.Ad-Hoc|ARM64.ActiveCfg = Debug|Any CPU
		{229CC0A3-8BEC-4067-A286-88FED81D5508}.Ad-Hoc|ARM64.Build.0 = Debug|Any CPU
		{229CC0A3-8BEC-4067-A286-88FED81D5508}.Ad-Hoc|iPhone.ActiveCfg = Debug|Any CPU
		{229CC0A3-8BEC-4067-A286-88FED81D5508}.Ad-Hoc|iPhone.Build.0 = Debug|Any CPU
		{229CC0A3-8BEC-4067-A286-88FED81D5508}.Ad-Hoc|iPhoneSimulator.ActiveCfg = Debug|Any CPU
		{229CC0A3-8BEC-4067-A286-88FED81D5508}.Ad-Hoc|iPhoneSimulator.Build.0 = Debug|Any CPU
		{229CC0A3-8BEC-4067-A286-88FED81D5508}.Ad-Hoc|x64.ActiveCfg = Debug|Any CPU
		{229CC0A3-8BEC-4067-A286-88FED81D5508}.Ad-Hoc|x64.Build.0 = Debug|Any CPU
		{229CC0A3-8BEC-4067-A286-88FED81D5508}.Ad-Hoc|x86.ActiveCfg = Debug|Any CPU
		{229CC0A3-8BEC-4067-A286-88FED81D5508}.Ad-Hoc|x86.Build.0 = Debug|Any CPU
		{229CC0A3-8BEC-4067-A286-88FED81D5508}.AppStore|Any CPU.ActiveCfg = Debug|Any CPU
		{229CC0A3-8BEC-4067-A286-88FED81D5508}.AppStore|Any CPU.Build.0 = Debug|Any CPU
		{229CC0A3-8BEC-4067-A286-88FED81D5508}.AppStore|ARM.ActiveCfg = Debug|Any CPU
		{229CC0A3-8BEC-4067-A286-88FED81D5508}.AppStore|ARM.Build.0 = Debug|Any CPU
		{229CC0A3-8BEC-4067-A286-88FED81D5508}.AppStore|ARM64.ActiveCfg = Debug|Any CPU
		{229CC0A3-8BEC-4067-A286-88FED81D5508}.AppStore|ARM64.Build.0 = Debug|Any CPU
		{229CC0A3-8BEC-4067-A286-88FED81D5508}.AppStore|iPhone.ActiveCfg = Debug|Any CPU
		{229CC0A3-8BEC-4067-A286-88FED81D5508}.AppStore|iPhone.Build.0 = Debug|Any CPU
		{229CC0A3-8BEC-4067-A286-88FED81D5508}.AppStore|iPhoneSimulator.ActiveCfg = Debug|Any CPU
		{229CC0A3-8BEC-4067-A286-88FED81D5508}.AppStore|iPhoneSimulator.Build.0 = Debug|Any CPU
		{229CC0A3-8BEC-4067-A286-88FED81D5508}.AppStore|x64.ActiveCfg = Debug|Any CPU
		{229CC0A3-8BEC-4067-A286-88FED81D5508}.AppStore|x64.Build.0 = Debug|Any CPU
		{229CC0A3-8BEC-4067-A286-88FED81D5508}.AppStore|x86.ActiveCfg = Debug|Any CPU
		{229CC0A3-8BEC-4067-A286-88FED81D5508}.AppStore|x86.Build.0 = Debug|Any CPU
		{229CC0A3-8BEC-4067-A286-88FED81D5508}.Debug|Any CPU.ActiveCfg = Debug|Any CPU
		{229CC0A3-8BEC-4067-A286-88FED81D5508}.Debug|Any CPU.Build.0 = Debug|Any CPU
		{229CC0A3-8BEC-4067-A286-88FED81D5508}.Debug|ARM.ActiveCfg = Debug|Any CPU
		{229CC0A3-8BEC-4067-A286-88FED81D5508}.Debug|ARM.Build.0 = Debug|Any CPU
		{229CC0A3-8BEC-4067-A286-88FED81D5508}.Debug|ARM64.ActiveCfg = Debug|Any CPU
		{229CC0A3-8BEC-4067-A286-88FED81D5508}.Debug|ARM64.Build.0 = Debug|Any CPU
		{229CC0A3-8BEC-4067-A286-88FED81D5508}.Debug|iPhone.ActiveCfg = Debug|Any CPU
		{229CC0A3-8BEC-4067-A286-88FED81D5508}.Debug|iPhone.Build.0 = Debug|Any CPU
		{229CC0A3-8BEC-4067-A286-88FED81D5508}.Debug|iPhoneSimulator.ActiveCfg = Debug|Any CPU
		{229CC0A3-8BEC-4067-A286-88FED81D5508}.Debug|iPhoneSimulator.Build.0 = Debug|Any CPU
		{229CC0A3-8BEC-4067-A286-88FED81D5508}.Debug|x64.ActiveCfg = Debug|Any CPU
		{229CC0A3-8BEC-4067-A286-88FED81D5508}.Debug|x64.Build.0 = Debug|Any CPU
		{229CC0A3-8BEC-4067-A286-88FED81D5508}.Debug|x86.ActiveCfg = Debug|Any CPU
		{229CC0A3-8BEC-4067-A286-88FED81D5508}.Debug|x86.Build.0 = Debug|Any CPU
		{229CC0A3-8BEC-4067-A286-88FED81D5508}.Release|Any CPU.ActiveCfg = Release|Any CPU
		{229CC0A3-8BEC-4067-A286-88FED81D5508}.Release|Any CPU.Build.0 = Release|Any CPU
		{229CC0A3-8BEC-4067-A286-88FED81D5508}.Release|ARM.ActiveCfg = Release|Any CPU
		{229CC0A3-8BEC-4067-A286-88FED81D5508}.Release|ARM.Build.0 = Release|Any CPU
		{229CC0A3-8BEC-4067-A286-88FED81D5508}.Release|ARM64.ActiveCfg = Release|Any CPU
		{229CC0A3-8BEC-4067-A286-88FED81D5508}.Release|ARM64.Build.0 = Release|Any CPU
		{229CC0A3-8BEC-4067-A286-88FED81D5508}.Release|iPhone.ActiveCfg = Release|Any CPU
		{229CC0A3-8BEC-4067-A286-88FED81D5508}.Release|iPhone.Build.0 = Release|Any CPU
		{229CC0A3-8BEC-4067-A286-88FED81D5508}.Release|iPhoneSimulator.ActiveCfg = Release|Any CPU
		{229CC0A3-8BEC-4067-A286-88FED81D5508}.Release|iPhoneSimulator.Build.0 = Release|Any CPU
		{229CC0A3-8BEC-4067-A286-88FED81D5508}.Release|x64.ActiveCfg = Release|Any CPU
		{229CC0A3-8BEC-4067-A286-88FED81D5508}.Release|x64.Build.0 = Release|Any CPU
		{229CC0A3-8BEC-4067-A286-88FED81D5508}.Release|x86.ActiveCfg = Release|Any CPU
		{229CC0A3-8BEC-4067-A286-88FED81D5508}.Release|x86.Build.0 = Release|Any CPU
	EndGlobalSection
	GlobalSection(SolutionProperties) = preSolution
		HideSolutionNode = FALSE
	EndGlobalSection
	GlobalSection(NestedProjects) = preSolution
		{EBE877C4-2FE6-44E0-95F4-982DE99D45F5} = {00F9E945-A45F-43CF-ADAF-B6F1284702A3}
		{D7C6D6E1-51ED-42F4-BF4E-6D52622FEFB0} = {00F9E945-A45F-43CF-ADAF-B6F1284702A3}
		{77AD04DC-E938-4BA3-95ED-6091C93E9ABB} = {00F9E945-A45F-43CF-ADAF-B6F1284702A3}
		{1BE4518A-B8D2-49E5-B32E-9C060C33CD0C} = {00F9E945-A45F-43CF-ADAF-B6F1284702A3}
		{C7A4BFD0-8406-4295-8C5B-776AD23629D2} = {00F9E945-A45F-43CF-ADAF-B6F1284702A3}
		{93D30D6D-9832-4E9D-8383-56FB7663E1F0} = {00F9E945-A45F-43CF-ADAF-B6F1284702A3}
		{7C2F4C88-B96C-4D1D-98CB-41C00CED2AD6} = {00F9E945-A45F-43CF-ADAF-B6F1284702A3}
		{518E4146-4A20-4945-866E-0FFF88CD58F9} = {00F9E945-A45F-43CF-ADAF-B6F1284702A3}
		{229CC0A3-8BEC-4067-A286-88FED81D5508} = {00F9E945-A45F-43CF-ADAF-B6F1284702A3}
	EndGlobalSection
	GlobalSection(ExtensibilityGlobals) = postSolution
		SolutionGuid = {460C7EC7-B436-448F-8669-311CF27016C5}
	EndGlobalSection
EndGlobal
